
Microsoft Visual Studio Solution File, Format Version 12.00
Project("{FAE04EC0-301F-11D3-BF4B-00C04F79EFBC}") = "Fibonacci", "Fibonacci\Fibonacci.csproj", "{6DE4B812-DDB7-475A-AD90-A9BB34F15F45}"
EndProject
Project("{FAE04EC0-301F-11D3-BF4B-00C04F79EFBC}") = "FibonacciTests", "FibonacciTests\FibonacciTests.csproj", "{ED5EF8F8-B852-4CB2-A2CC-A5C27F69B3A0}"
EndProject
Global
	GlobalSection(SolutionConfigurationPlatforms) = preSolution
		Debug|Any CPU = Debug|Any CPU
		Release|Any CPU = Release|Any CPU
	EndGlobalSection
	GlobalSection(ProjectConfigurationPlatforms) = postSolution
		{6DE4B812-DDB7-475A-AD90-A9BB34F15F45}.Debug|Any CPU.ActiveCfg = Debug|Any CPU
		{6DE4B812-DDB7-475A-AD90-A9BB34F15F45}.Debug|Any CPU.Build.0 = Debug|Any CPU
		{6DE4B812-DDB7-475A-AD90-A9BB34F15F45}.Release|Any CPU.ActiveCfg = Release|Any CPU
		{6DE4B812-DDB7-475A-AD90-A9BB34F15F45}.Release|Any CPU.Build.0 = Release|Any CPU
		{ED5EF8F8-B852-4CB2-A2CC-A5C27F69B3A0}.Debug|Any CPU.ActiveCfg = Debug|Any CPU
		{ED5EF8F8-B852-4CB2-A2CC-A5C27F69B3A0}.Debug|Any CPU.Build.0 = Debug|Any CPU
		{ED5EF8F8-B852-4CB2-A2CC-A5C27F69B3A0}.Release|Any CPU.ActiveCfg = Release|Any CPU
		{ED5EF8F8-B852-4CB2-A2CC-A5C27F69B3A0}.Release|Any CPU.Build.0 = Release|Any CPU
	EndGlobalSection
EndGlobal
